// !$*UTF8*$!
{
	archiveVersion = 1;
	classes = {
	};
	objectVersion = 56;
	objects = {

/* Begin PBXBuildFile section */
		6A89C3AA29C131EA00D2B3FA /* AppDelegate.swift in Sources */ = {isa = PBXBuildFile; fileRef = 6A89C3A929C131EA00D2B3FA /* AppDelegate.swift */; };
		6A89C3AC29C131EA00D2B3FA /* SceneDelegate.swift in Sources */ = {isa = PBXBuildFile; fileRef = 6A89C3AB29C131EA00D2B3FA /* SceneDelegate.swift */; };
		6A89C3AE29C131EA00D2B3FA /* ViewController.swift in Sources */ = {isa = PBXBuildFile; fileRef = 6A89C3AD29C131EA00D2B3FA /* ViewController.swift */; };
		6A89C3B129C131EA00D2B3FA /* Main.storyboard in Resources */ = {isa = PBXBuildFile; fileRef = 6A89C3AF29C131EA00D2B3FA /* Main.storyboard */; };
		6A89C3B329C131EB00D2B3FA /* Assets.xcassets in Resources */ = {isa = PBXBuildFile; fileRef = 6A89C3B229C131EB00D2B3FA /* Assets.xcassets */; };
		6A89C3B629C131EB00D2B3FA /* LaunchScreen.storyboard in Resources */ = {isa = PBXBuildFile; fileRef = 6A89C3B429C131EB00D2B3FA /* LaunchScreen.storyboard */; };
		6A89C3C129C131EB00D2B3FA /* WeatherAppTests.swift in Sources */ = {isa = PBXBuildFile; fileRef = 6A89C3C029C131EB00D2B3FA /* WeatherAppTests.swift */; };
		6A89C3CB29C131EB00D2B3FA /* WeatherAppUITests.swift in Sources */ = {isa = PBXBuildFile; fileRef = 6A89C3CA29C131EB00D2B3FA /* WeatherAppUITests.swift */; };
		6A89C3CD29C131EB00D2B3FA /* WeatherAppUITestsLaunchTests.swift in Sources */ = {isa = PBXBuildFile; fileRef = 6A89C3CC29C131EB00D2B3FA /* WeatherAppUITestsLaunchTests.swift */; };
		6A89C3E129C1343E00D2B3FA /* Alamofire in Frameworks */ = {isa = PBXBuildFile; productRef = 6A89C3E029C1343E00D2B3FA /* Alamofire */; };
		6A89C3E629C13BB300D2B3FA /* WeatherInfoService.swift in Sources */ = {isa = PBXBuildFile; fileRef = 6A89C3E529C13BB300D2B3FA /* WeatherInfoService.swift */; };
		6A89C3E829C237B800D2B3FA /* WeatherStore.swift in Sources */ = {isa = PBXBuildFile; fileRef = 6A89C3E729C237B800D2B3FA /* WeatherStore.swift */; };
		6A89C3EC29C2499400D2B3FA /* WeatherControllsViewModel.swift in Sources */ = {isa = PBXBuildFile; fileRef = 6A89C3EB29C2499400D2B3FA /* WeatherControllsViewModel.swift */; };
		6A89C3EE29C24B0B00D2B3FA /* WeatherControlsView.swift in Sources */ = {isa = PBXBuildFile; fileRef = 6A89C3ED29C24B0B00D2B3FA /* WeatherControlsView.swift */; };
		6A89C3F029C24B2800D2B3FA /* WeatherControlsMock.swift in Sources */ = {isa = PBXBuildFile; fileRef = 6A89C3EF29C24B2800D2B3FA /* WeatherControlsMock.swift */; };
		6A89C3F229C24B6D00D2B3FA /* WeatherView.swift in Sources */ = {isa = PBXBuildFile; fileRef = 6A89C3F129C24B6D00D2B3FA /* WeatherView.swift */; };
		6A89C3F429C24BAD00D2B3FA /* WeatherViewModel.swift in Sources */ = {isa = PBXBuildFile; fileRef = 6A89C3F329C24BAD00D2B3FA /* WeatherViewModel.swift */; };
		6A89C3F629C24BB700D2B3FA /* WeatherMock.swift in Sources */ = {isa = PBXBuildFile; fileRef = 6A89C3F529C24BB700D2B3FA /* WeatherMock.swift */; };
		6A89C3F929C24C1200D2B3FA /* RemoteImageView.swift in Sources */ = {isa = PBXBuildFile; fileRef = 6A89C3F829C24C1200D2B3FA /* RemoteImageView.swift */; };
		6A89C3FC29C24D8100D2B3FA /* CGFloat+.swift in Sources */ = {isa = PBXBuildFile; fileRef = 6A89C3FB29C24D8100D2B3FA /* CGFloat+.swift */; };
		6A89C3FF29C24E2D00D2B3FA /* WeatherStoreMock.swift in Sources */ = {isa = PBXBuildFile; fileRef = 6A89C3FE29C24E2D00D2B3FA /* WeatherStoreMock.swift */; };
		6A89C40129C268A500D2B3FA /* WeatherInfo.swift in Sources */ = {isa = PBXBuildFile; fileRef = 6A89C40029C268A400D2B3FA /* WeatherInfo.swift */; };
		6A89C40429C26D7A00D2B3FA /* SearchBar.swift in Sources */ = {isa = PBXBuildFile; fileRef = 6A89C40329C26D7A00D2B3FA /* SearchBar.swift */; };
		6A89C40629C27C2D00D2B3FA /* WeatherSearchResult.swift in Sources */ = {isa = PBXBuildFile; fileRef = 6A89C40529C27C2D00D2B3FA /* WeatherSearchResult.swift */; };
		6A89C40829C392FC00D2B3FA /* SearchBarViewModel.swift in Sources */ = {isa = PBXBuildFile; fileRef = 6A89C40729C392FC00D2B3FA /* SearchBarViewModel.swift */; };
		6A89C40A29C3CFE100D2B3FA /* Localizable.strings in Resources */ = {isa = PBXBuildFile; fileRef = 6A89C40929C3CFE100D2B3FA /* Localizable.strings */; };
		6A89C40D29C3D03700D2B3FA /* Strings.swift in Sources */ = {isa = PBXBuildFile; fileRef = 6A89C40C29C3D03700D2B3FA /* Strings.swift */; };
		6A89C40F29C3D07100D2B3FA /* LocalizableAsset.swift in Sources */ = {isa = PBXBuildFile; fileRef = 6A89C40E29C3D07100D2B3FA /* LocalizableAsset.swift */; };
		6A89C41429C4D6AB00D2B3FA /* CurrentWeatherViewController.swift in Sources */ = {isa = PBXBuildFile; fileRef = 6A89C41229C4D6AB00D2B3FA /* CurrentWeatherViewController.swift */; };
		6A89C41529C4D6AB00D2B3FA /* CurrentWeatherViewController.xib in Resources */ = {isa = PBXBuildFile; fileRef = 6A89C41329C4D6AB00D2B3FA /* CurrentWeatherViewController.xib */; };
/* End PBXBuildFile section */

/* Begin PBXContainerItemProxy section */
		6A89C3BD29C131EB00D2B3FA /* PBXContainerItemProxy */ = {
			isa = PBXContainerItemProxy;
			containerPortal = 6A89C39E29C131E900D2B3FA /* Project object */;
			proxyType = 1;
			remoteGlobalIDString = 6A89C3A529C131EA00D2B3FA;
			remoteInfo = WeatherApp;
		};
		6A89C3C729C131EB00D2B3FA /* PBXContainerItemProxy */ = {
			isa = PBXContainerItemProxy;
			containerPortal = 6A89C39E29C131E900D2B3FA /* Project object */;
			proxyType = 1;
			remoteGlobalIDString = 6A89C3A529C131EA00D2B3FA;
			remoteInfo = WeatherApp;
		};
/* End PBXContainerItemProxy section */

/* Begin PBXFileReference section */
		6A89C3A629C131EA00D2B3FA /* WeatherApp.app */ = {isa = PBXFileReference; explicitFileType = wrapper.application; includeInIndex = 0; path = WeatherApp.app; sourceTree = BUILT_PRODUCTS_DIR; };
		6A89C3A929C131EA00D2B3FA /* AppDelegate.swift */ = {isa = PBXFileReference; lastKnownFileType = sourcecode.swift; path = AppDelegate.swift; sourceTree = "<group>"; };
		6A89C3AB29C131EA00D2B3FA /* SceneDelegate.swift */ = {isa = PBXFileReference; lastKnownFileType = sourcecode.swift; path = SceneDelegate.swift; sourceTree = "<group>"; };
		6A89C3AD29C131EA00D2B3FA /* ViewController.swift */ = {isa = PBXFileReference; lastKnownFileType = sourcecode.swift; path = ViewController.swift; sourceTree = "<group>"; };
		6A89C3B029C131EA00D2B3FA /* Base */ = {isa = PBXFileReference; lastKnownFileType = file.storyboard; name = Base; path = Base.lproj/Main.storyboard; sourceTree = "<group>"; };
		6A89C3B229C131EB00D2B3FA /* Assets.xcassets */ = {isa = PBXFileReference; lastKnownFileType = folder.assetcatalog; path = Assets.xcassets; sourceTree = "<group>"; };
		6A89C3B529C131EB00D2B3FA /* Base */ = {isa = PBXFileReference; lastKnownFileType = file.storyboard; name = Base; path = Base.lproj/LaunchScreen.storyboard; sourceTree = "<group>"; };
		6A89C3B729C131EB00D2B3FA /* Info.plist */ = {isa = PBXFileReference; lastKnownFileType = text.plist.xml; path = Info.plist; sourceTree = "<group>"; };
		6A89C3BC29C131EB00D2B3FA /* WeatherAppTests.xctest */ = {isa = PBXFileReference; explicitFileType = wrapper.cfbundle; includeInIndex = 0; path = WeatherAppTests.xctest; sourceTree = BUILT_PRODUCTS_DIR; };
		6A89C3C029C131EB00D2B3FA /* WeatherAppTests.swift */ = {isa = PBXFileReference; lastKnownFileType = sourcecode.swift; path = WeatherAppTests.swift; sourceTree = "<group>"; };
		6A89C3C629C131EB00D2B3FA /* WeatherAppUITests.xctest */ = {isa = PBXFileReference; explicitFileType = wrapper.cfbundle; includeInIndex = 0; path = WeatherAppUITests.xctest; sourceTree = BUILT_PRODUCTS_DIR; };
		6A89C3CA29C131EB00D2B3FA /* WeatherAppUITests.swift */ = {isa = PBXFileReference; lastKnownFileType = sourcecode.swift; path = WeatherAppUITests.swift; sourceTree = "<group>"; };
		6A89C3CC29C131EB00D2B3FA /* WeatherAppUITestsLaunchTests.swift */ = {isa = PBXFileReference; lastKnownFileType = sourcecode.swift; path = WeatherAppUITestsLaunchTests.swift; sourceTree = "<group>"; };
		6A89C3E529C13BB300D2B3FA /* WeatherInfoService.swift */ = {isa = PBXFileReference; lastKnownFileType = sourcecode.swift; path = WeatherInfoService.swift; sourceTree = "<group>"; };
		6A89C3E729C237B800D2B3FA /* WeatherStore.swift */ = {isa = PBXFileReference; lastKnownFileType = sourcecode.swift; path = WeatherStore.swift; sourceTree = "<group>"; };
		6A89C3EB29C2499400D2B3FA /* WeatherControllsViewModel.swift */ = {isa = PBXFileReference; lastKnownFileType = sourcecode.swift; path = WeatherControllsViewModel.swift; sourceTree = "<group>"; };
		6A89C3ED29C24B0B00D2B3FA /* WeatherControlsView.swift */ = {isa = PBXFileReference; lastKnownFileType = sourcecode.swift; path = WeatherControlsView.swift; sourceTree = "<group>"; };
		6A89C3EF29C24B2800D2B3FA /* WeatherControlsMock.swift */ = {isa = PBXFileReference; lastKnownFileType = sourcecode.swift; path = WeatherControlsMock.swift; sourceTree = "<group>"; };
		6A89C3F129C24B6D00D2B3FA /* WeatherView.swift */ = {isa = PBXFileReference; lastKnownFileType = sourcecode.swift; path = WeatherView.swift; sourceTree = "<group>"; };
		6A89C3F329C24BAD00D2B3FA /* WeatherViewModel.swift */ = {isa = PBXFileReference; lastKnownFileType = sourcecode.swift; path = WeatherViewModel.swift; sourceTree = "<group>"; };
		6A89C3F529C24BB700D2B3FA /* WeatherMock.swift */ = {isa = PBXFileReference; lastKnownFileType = sourcecode.swift; path = WeatherMock.swift; sourceTree = "<group>"; };
		6A89C3F829C24C1200D2B3FA /* RemoteImageView.swift */ = {isa = PBXFileReference; lastKnownFileType = sourcecode.swift; path = RemoteImageView.swift; sourceTree = "<group>"; };
		6A89C3FB29C24D8100D2B3FA /* CGFloat+.swift */ = {isa = PBXFileReference; lastKnownFileType = sourcecode.swift; path = "CGFloat+.swift"; sourceTree = "<group>"; };
		6A89C3FE29C24E2D00D2B3FA /* WeatherStoreMock.swift */ = {isa = PBXFileReference; lastKnownFileType = sourcecode.swift; path = WeatherStoreMock.swift; sourceTree = "<group>"; };
		6A89C40029C268A400D2B3FA /* WeatherInfo.swift */ = {isa = PBXFileReference; lastKnownFileType = sourcecode.swift; path = WeatherInfo.swift; sourceTree = "<group>"; };
		6A89C40329C26D7A00D2B3FA /* SearchBar.swift */ = {isa = PBXFileReference; lastKnownFileType = sourcecode.swift; path = SearchBar.swift; sourceTree = "<group>"; };
		6A89C40529C27C2D00D2B3FA /* WeatherSearchResult.swift */ = {isa = PBXFileReference; lastKnownFileType = sourcecode.swift; path = WeatherSearchResult.swift; sourceTree = "<group>"; };
		6A89C40729C392FC00D2B3FA /* SearchBarViewModel.swift */ = {isa = PBXFileReference; lastKnownFileType = sourcecode.swift; path = SearchBarViewModel.swift; sourceTree = "<group>"; };
		6A89C40929C3CFE100D2B3FA /* Localizable.strings */ = {isa = PBXFileReference; lastKnownFileType = text.plist.strings; path = Localizable.strings; sourceTree = "<group>"; };
		6A89C40C29C3D03700D2B3FA /* Strings.swift */ = {isa = PBXFileReference; lastKnownFileType = sourcecode.swift; path = Strings.swift; sourceTree = "<group>"; };
		6A89C40E29C3D07100D2B3FA /* LocalizableAsset.swift */ = {isa = PBXFileReference; lastKnownFileType = sourcecode.swift; path = LocalizableAsset.swift; sourceTree = "<group>"; };
		6A89C41229C4D6AB00D2B3FA /* CurrentWeatherViewController.swift */ = {isa = PBXFileReference; lastKnownFileType = sourcecode.swift; path = CurrentWeatherViewController.swift; sourceTree = "<group>"; };
		6A89C41329C4D6AB00D2B3FA /* CurrentWeatherViewController.xib */ = {isa = PBXFileReference; lastKnownFileType = file.xib; path = CurrentWeatherViewController.xib; sourceTree = "<group>"; };
/* End PBXFileReference section */

/* Begin PBXFrameworksBuildPhase section */
		6A89C3A329C131EA00D2B3FA /* Frameworks */ = {
			isa = PBXFrameworksBuildPhase;
			buildActionMask = 2147483647;
			files = (
				6A89C3E129C1343E00D2B3FA /* Alamofire in Frameworks */,
			);
			runOnlyForDeploymentPostprocessing = 0;
		};
		6A89C3B929C131EB00D2B3FA /* Frameworks */ = {
			isa = PBXFrameworksBuildPhase;
			buildActionMask = 2147483647;
			files = (
			);
			runOnlyForDeploymentPostprocessing = 0;
		};
		6A89C3C329C131EB00D2B3FA /* Frameworks */ = {
			isa = PBXFrameworksBuildPhase;
			buildActionMask = 2147483647;
			files = (
			);
			runOnlyForDeploymentPostprocessing = 0;
		};
/* End PBXFrameworksBuildPhase section */

/* Begin PBXGroup section */
		6A89C39D29C131E900D2B3FA = {
			isa = PBXGroup;
			children = (
				6A89C3A829C131EA00D2B3FA /* WeatherApp */,
				6A89C3BF29C131EB00D2B3FA /* WeatherAppTests */,
				6A89C3C929C131EB00D2B3FA /* WeatherAppUITests */,
				6A89C3A729C131EA00D2B3FA /* Products */,
			);
			sourceTree = "<group>";
		};
		6A89C3A729C131EA00D2B3FA /* Products */ = {
			isa = PBXGroup;
			children = (
				6A89C3A629C131EA00D2B3FA /* WeatherApp.app */,
				6A89C3BC29C131EB00D2B3FA /* WeatherAppTests.xctest */,
				6A89C3C629C131EB00D2B3FA /* WeatherAppUITests.xctest */,
			);
			name = Products;
			sourceTree = "<group>";
		};
		6A89C3A829C131EA00D2B3FA /* WeatherApp */ = {
			isa = PBXGroup;
			children = (
				6A89C3A929C131EA00D2B3FA /* AppDelegate.swift */,
				6A89C3AB29C131EA00D2B3FA /* SceneDelegate.swift */,
				6A89C3B729C131EB00D2B3FA /* Info.plist */,
				6A89C3DC29C133BB00D2B3FA /* Entities */,
				6A89C3E429C1371B00D2B3FA /* Services */,
				6A89C3D929C1336D00D2B3FA /* Screens */,
				6A89C3FA29C24D6100D2B3FA /* Constants */,
				6A89C3E229C1347900D2B3FA /* Resources */,
			);
			path = WeatherApp;
			sourceTree = "<group>";
		};
		6A89C3BF29C131EB00D2B3FA /* WeatherAppTests */ = {
			isa = PBXGroup;
			children = (
				6A89C3C029C131EB00D2B3FA /* WeatherAppTests.swift */,
			);
			path = WeatherAppTests;
			sourceTree = "<group>";
		};
		6A89C3C929C131EB00D2B3FA /* WeatherAppUITests */ = {
			isa = PBXGroup;
			children = (
				6A89C3CA29C131EB00D2B3FA /* WeatherAppUITests.swift */,
				6A89C3CC29C131EB00D2B3FA /* WeatherAppUITestsLaunchTests.swift */,
			);
			path = WeatherAppUITests;
			sourceTree = "<group>";
		};
		6A89C3D929C1336D00D2B3FA /* Screens */ = {
			isa = PBXGroup;
			children = (
				6A89C3F729C24BFF00D2B3FA /* Components */,
				6A89C3E329C1348700D2B3FA /* Launch Screen */,
				6A89C3DA29C1339800D2B3FA /* Main */,
			);
			path = Screens;
			sourceTree = "<group>";
		};
		6A89C3DA29C1339800D2B3FA /* Main */ = {
			isa = PBXGroup;
			children = (
				6A89C40229C26D6600D2B3FA /* Search Bar */,
				6A89C3EA29C2497200D2B3FA /* Weather Controls */,
				6A89C3E929C2494A00D2B3FA /* WeatherView */,
				6A89C3DB29C133A600D2B3FA /* WeatherViewController */,
			);
			path = Main;
			sourceTree = "<group>";
		};
		6A89C3DB29C133A600D2B3FA /* WeatherViewController */ = {
			isa = PBXGroup;
			children = (
				6A89C3AD29C131EA00D2B3FA /* ViewController.swift */,
				6A89C3AF29C131EA00D2B3FA /* Main.storyboard */,
				6A89C41229C4D6AB00D2B3FA /* CurrentWeatherViewController.swift */,
				6A89C41329C4D6AB00D2B3FA /* CurrentWeatherViewController.xib */,
			);
			path = WeatherViewController;
			sourceTree = "<group>";
		};
		6A89C3DC29C133BB00D2B3FA /* Entities */ = {
			isa = PBXGroup;
			children = (
				6A89C40029C268A400D2B3FA /* WeatherInfo.swift */,
				6A89C40529C27C2D00D2B3FA /* WeatherSearchResult.swift */,
			);
			path = Entities;
			sourceTree = "<group>";
		};
		6A89C3E229C1347900D2B3FA /* Resources */ = {
			isa = PBXGroup;
			children = (
				6A89C40B29C3D02300D2B3FA /* Localizable */,
				6A89C3B229C131EB00D2B3FA /* Assets.xcassets */,
			);
			path = Resources;
			sourceTree = "<group>";
		};
		6A89C3E329C1348700D2B3FA /* Launch Screen */ = {
			isa = PBXGroup;
			children = (
				6A89C3B429C131EB00D2B3FA /* LaunchScreen.storyboard */,
			);
			path = "Launch Screen";
			sourceTree = "<group>";
		};
		6A89C3E429C1371B00D2B3FA /* Services */ = {
			isa = PBXGroup;
			children = (
				6A89C3FD29C24E1F00D2B3FA /* Mocked */,
				6A89C3E529C13BB300D2B3FA /* WeatherInfoService.swift */,
				6A89C3E729C237B800D2B3FA /* WeatherStore.swift */,
			);
			path = Services;
			sourceTree = "<group>";
		};
		6A89C3E929C2494A00D2B3FA /* WeatherView */ = {
			isa = PBXGroup;
			children = (
				6A89C3F129C24B6D00D2B3FA /* WeatherView.swift */,
				6A89C3F329C24BAD00D2B3FA /* WeatherViewModel.swift */,
				6A89C3F529C24BB700D2B3FA /* WeatherMock.swift */,
			);
			path = WeatherView;
			sourceTree = "<group>";
		};
		6A89C3EA29C2497200D2B3FA /* Weather Controls */ = {
			isa = PBXGroup;
			children = (
				6A89C3EB29C2499400D2B3FA /* WeatherControllsViewModel.swift */,
				6A89C3ED29C24B0B00D2B3FA /* WeatherControlsView.swift */,
				6A89C3EF29C24B2800D2B3FA /* WeatherControlsMock.swift */,
			);
			path = "Weather Controls";
			sourceTree = "<group>";
		};
		6A89C3F729C24BFF00D2B3FA /* Components */ = {
			isa = PBXGroup;
			children = (
				6A89C3F829C24C1200D2B3FA /* RemoteImageView.swift */,
			);
			path = Components;
			sourceTree = "<group>";
		};
		6A89C3FA29C24D6100D2B3FA /* Constants */ = {
			isa = PBXGroup;
			children = (
				6A89C3FB29C24D8100D2B3FA /* CGFloat+.swift */,
			);
			path = Constants;
			sourceTree = "<group>";
		};
		6A89C3FD29C24E1F00D2B3FA /* Mocked */ = {
			isa = PBXGroup;
			children = (
				6A89C3FE29C24E2D00D2B3FA /* WeatherStoreMock.swift */,
			);
			path = Mocked;
			sourceTree = "<group>";
		};
		6A89C40229C26D6600D2B3FA /* Search Bar */ = {
			isa = PBXGroup;
			children = (
				6A89C40729C392FC00D2B3FA /* SearchBarViewModel.swift */,
				6A89C40329C26D7A00D2B3FA /* SearchBar.swift */,
			);
			path = "Search Bar";
			sourceTree = "<group>";
		};
		6A89C40B29C3D02300D2B3FA /* Localizable */ = {
			isa = PBXGroup;
			children = (
				6A89C40929C3CFE100D2B3FA /* Localizable.strings */,
				6A89C40C29C3D03700D2B3FA /* Strings.swift */,
				6A89C40E29C3D07100D2B3FA /* LocalizableAsset.swift */,
			);
			path = Localizable;
			sourceTree = "<group>";
		};
/* End PBXGroup section */

/* Begin PBXNativeTarget section */
		6A89C3A529C131EA00D2B3FA /* WeatherApp */ = {
			isa = PBXNativeTarget;
			buildConfigurationList = 6A89C3D029C131EB00D2B3FA /* Build configuration list for PBXNativeTarget "WeatherApp" */;
			buildPhases = (
				6A89C3A229C131EA00D2B3FA /* Sources */,
				6A89C3A329C131EA00D2B3FA /* Frameworks */,
				6A89C3A429C131EA00D2B3FA /* Resources */,
			);
			buildRules = (
			);
			dependencies = (
			);
			name = WeatherApp;
			packageProductDependencies = (
				6A89C3E029C1343E00D2B3FA /* Alamofire */,
			);
			productName = WeatherApp;
			productReference = 6A89C3A629C131EA00D2B3FA /* WeatherApp.app */;
			productType = "com.apple.product-type.application";
		};
		6A89C3BB29C131EB00D2B3FA /* WeatherAppTests */ = {
			isa = PBXNativeTarget;
			buildConfigurationList = 6A89C3D329C131EB00D2B3FA /* Build configuration list for PBXNativeTarget "WeatherAppTests" */;
			buildPhases = (
				6A89C3B829C131EB00D2B3FA /* Sources */,
				6A89C3B929C131EB00D2B3FA /* Frameworks */,
				6A89C3BA29C131EB00D2B3FA /* Resources */,
			);
			buildRules = (
			);
			dependencies = (
				6A89C3BE29C131EB00D2B3FA /* PBXTargetDependency */,
			);
			name = WeatherAppTests;
			productName = WeatherAppTests;
			productReference = 6A89C3BC29C131EB00D2B3FA /* WeatherAppTests.xctest */;
			productType = "com.apple.product-type.bundle.unit-test";
		};
		6A89C3C529C131EB00D2B3FA /* WeatherAppUITests */ = {
			isa = PBXNativeTarget;
			buildConfigurationList = 6A89C3D629C131EB00D2B3FA /* Build configuration list for PBXNativeTarget "WeatherAppUITests" */;
			buildPhases = (
				6A89C3C229C131EB00D2B3FA /* Sources */,
				6A89C3C329C131EB00D2B3FA /* Frameworks */,
				6A89C3C429C131EB00D2B3FA /* Resources */,
			);
			buildRules = (
			);
			dependencies = (
				6A89C3C829C131EB00D2B3FA /* PBXTargetDependency */,
			);
			name = WeatherAppUITests;
			productName = WeatherAppUITests;
			productReference = 6A89C3C629C131EB00D2B3FA /* WeatherAppUITests.xctest */;
			productType = "com.apple.product-type.bundle.ui-testing";
		};
/* End PBXNativeTarget section */

/* Begin PBXProject section */
		6A89C39E29C131E900D2B3FA /* Project object */ = {
			isa = PBXProject;
			attributes = {
				BuildIndependentTargetsInParallel = 1;
				LastSwiftUpdateCheck = 1420;
				LastUpgradeCheck = 1420;
				TargetAttributes = {
					6A89C3A529C131EA00D2B3FA = {
						CreatedOnToolsVersion = 14.2;
					};
					6A89C3BB29C131EB00D2B3FA = {
						CreatedOnToolsVersion = 14.2;
						TestTargetID = 6A89C3A529C131EA00D2B3FA;
					};
					6A89C3C529C131EB00D2B3FA = {
						CreatedOnToolsVersion = 14.2;
						TestTargetID = 6A89C3A529C131EA00D2B3FA;
					};
				};
			};
			buildConfigurationList = 6A89C3A129C131E900D2B3FA /* Build configuration list for PBXProject "WeatherApp" */;
			compatibilityVersion = "Xcode 14.0";
			developmentRegion = en;
			hasScannedForEncodings = 0;
			knownRegions = (
				en,
				Base,
			);
			mainGroup = 6A89C39D29C131E900D2B3FA;
			packageReferences = (
				6A89C3DF29C1343E00D2B3FA /* XCRemoteSwiftPackageReference "Alamofire" */,
			);
			productRefGroup = 6A89C3A729C131EA00D2B3FA /* Products */;
			projectDirPath = "";
			projectRoot = "";
			targets = (
				6A89C3A529C131EA00D2B3FA /* WeatherApp */,
				6A89C3BB29C131EB00D2B3FA /* WeatherAppTests */,
				6A89C3C529C131EB00D2B3FA /* WeatherAppUITests */,
			);
		};
/* End PBXProject section */

/* Begin PBXResourcesBuildPhase section */
		6A89C3A429C131EA00D2B3FA /* Resources */ = {
			isa = PBXResourcesBuildPhase;
			buildActionMask = 2147483647;
			files = (
				6A89C41529C4D6AB00D2B3FA /* CurrentWeatherViewController.xib in Resources */,
				6A89C3B629C131EB00D2B3FA /* LaunchScreen.storyboard in Resources */,
				6A89C40A29C3CFE100D2B3FA /* Localizable.strings in Resources */,
				6A89C3B329C131EB00D2B3FA /* Assets.xcassets in Resources */,
				6A89C3B129C131EA00D2B3FA /* Main.storyboard in Resources */,
			);
			runOnlyForDeploymentPostprocessing = 0;
		};
		6A89C3BA29C131EB00D2B3FA /* Resources */ = {
			isa = PBXResourcesBuildPhase;
			buildActionMask = 2147483647;
			files = (
			);
			runOnlyForDeploymentPostprocessing = 0;
		};
		6A89C3C429C131EB00D2B3FA /* Resources */ = {
			isa = PBXResourcesBuildPhase;
			buildActionMask = 2147483647;
			files = (
			);
			runOnlyForDeploymentPostprocessing = 0;
		};
/* End PBXResourcesBuildPhase section */

/* Begin PBXSourcesBuildPhase section */
		6A89C3A229C131EA00D2B3FA /* Sources */ = {
			isa = PBXSourcesBuildPhase;
			buildActionMask = 2147483647;
			files = (
				6A89C40129C268A500D2B3FA /* WeatherInfo.swift in Sources */,
				6A89C3E829C237B800D2B3FA /* WeatherStore.swift in Sources */,
				6A89C3F629C24BB700D2B3FA /* WeatherMock.swift in Sources */,
				6A89C3AE29C131EA00D2B3FA /* ViewController.swift in Sources */,
				6A89C3F429C24BAD00D2B3FA /* WeatherViewModel.swift in Sources */,
				6A89C40D29C3D03700D2B3FA /* Strings.swift in Sources */,
				6A89C3F929C24C1200D2B3FA /* RemoteImageView.swift in Sources */,
				6A89C3F029C24B2800D2B3FA /* WeatherControlsMock.swift in Sources */,
				6A89C40629C27C2D00D2B3FA /* WeatherSearchResult.swift in Sources */,
				6A89C3EE29C24B0B00D2B3FA /* WeatherControlsView.swift in Sources */,
				6A89C3F229C24B6D00D2B3FA /* WeatherView.swift in Sources */,
				6A89C3E629C13BB300D2B3FA /* WeatherInfoService.swift in Sources */,
				6A89C3EC29C2499400D2B3FA /* WeatherControllsViewModel.swift in Sources */,
				6A89C40829C392FC00D2B3FA /* SearchBarViewModel.swift in Sources */,
				6A89C3AA29C131EA00D2B3FA /* AppDelegate.swift in Sources */,
				6A89C3FC29C24D8100D2B3FA /* CGFloat+.swift in Sources */,
				6A89C3AC29C131EA00D2B3FA /* SceneDelegate.swift in Sources */,
				6A89C41429C4D6AB00D2B3FA /* CurrentWeatherViewController.swift in Sources */,
				6A89C40429C26D7A00D2B3FA /* SearchBar.swift in Sources */,
				6A89C3FF29C24E2D00D2B3FA /* WeatherStoreMock.swift in Sources */,
				6A89C40F29C3D07100D2B3FA /* LocalizableAsset.swift in Sources */,
			);
			runOnlyForDeploymentPostprocessing = 0;
		};
		6A89C3B829C131EB00D2B3FA /* Sources */ = {
			isa = PBXSourcesBuildPhase;
			buildActionMask = 2147483647;
			files = (
				6A89C3C129C131EB00D2B3FA /* WeatherAppTests.swift in Sources */,
			);
			runOnlyForDeploymentPostprocessing = 0;
		};
		6A89C3C229C131EB00D2B3FA /* Sources */ = {
			isa = PBXSourcesBuildPhase;
			buildActionMask = 2147483647;
			files = (
				6A89C3CB29C131EB00D2B3FA /* WeatherAppUITests.swift in Sources */,
				6A89C3CD29C131EB00D2B3FA /* WeatherAppUITestsLaunchTests.swift in Sources */,
			);
			runOnlyForDeploymentPostprocessing = 0;
		};
/* End PBXSourcesBuildPhase section */

/* Begin PBXTargetDependency section */
		6A89C3BE29C131EB00D2B3FA /* PBXTargetDependency */ = {
			isa = PBXTargetDependency;
			target = 6A89C3A529C131EA00D2B3FA /* WeatherApp */;
			targetProxy = 6A89C3BD29C131EB00D2B3FA /* PBXContainerItemProxy */;
		};
		6A89C3C829C131EB00D2B3FA /* PBXTargetDependency */ = {
			isa = PBXTargetDependency;
			target = 6A89C3A529C131EA00D2B3FA /* WeatherApp */;
			targetProxy = 6A89C3C729C131EB00D2B3FA /* PBXContainerItemProxy */;
		};
/* End PBXTargetDependency section */

/* Begin PBXVariantGroup section */
		6A89C3AF29C131EA00D2B3FA /* Main.storyboard */ = {
			isa = PBXVariantGroup;
			children = (
				6A89C3B029C131EA00D2B3FA /* Base */,
			);
			name = Main.storyboard;
			sourceTree = "<group>";
		};
		6A89C3B429C131EB00D2B3FA /* LaunchScreen.storyboard */ = {
			isa = PBXVariantGroup;
			children = (
				6A89C3B529C131EB00D2B3FA /* Base */,
			);
			name = LaunchScreen.storyboard;
			sourceTree = "<group>";
		};
/* End PBXVariantGroup section */

/* Begin XCBuildConfiguration section */
		6A89C3CE29C131EB00D2B3FA /* Debug */ = {
			isa = XCBuildConfiguration;
			buildSettings = {
				ALWAYS_SEARCH_USER_PATHS = NO;
				CLANG_ANALYZER_NONNULL = YES;
				CLANG_ANALYZER_NUMBER_OBJECT_CONVERSION = YES_AGGRESSIVE;
				CLANG_CXX_LANGUAGE_STANDARD = "gnu++20";
				CLANG_ENABLE_MODULES = YES;
				CLANG_ENABLE_OBJC_ARC = YES;
				CLANG_ENABLE_OBJC_WEAK = YES;
				CLANG_WARN_BLOCK_CAPTURE_AUTORELEASING = YES;
				CLANG_WARN_BOOL_CONVERSION = YES;
				CLANG_WARN_COMMA = YES;
				CLANG_WARN_CONSTANT_CONVERSION = YES;
				CLANG_WARN_DEPRECATED_OBJC_IMPLEMENTATIONS = YES;
				CLANG_WARN_DIRECT_OBJC_ISA_USAGE = YES_ERROR;
				CLANG_WARN_DOCUMENTATION_COMMENTS = YES;
				CLANG_WARN_EMPTY_BODY = YES;
				CLANG_WARN_ENUM_CONVERSION = YES;
				CLANG_WARN_INFINITE_RECURSION = YES;
				CLANG_WARN_INT_CONVERSION = YES;
				CLANG_WARN_NON_LITERAL_NULL_CONVERSION = YES;
				CLANG_WARN_OBJC_IMPLICIT_RETAIN_SELF = YES;
				CLANG_WARN_OBJC_LITERAL_CONVERSION = YES;
				CLANG_WARN_OBJC_ROOT_CLASS = YES_ERROR;
				CLANG_WARN_QUOTED_INCLUDE_IN_FRAMEWORK_HEADER = YES;
				CLANG_WARN_RANGE_LOOP_ANALYSIS = YES;
				CLANG_WARN_STRICT_PROTOTYPES = YES;
				CLANG_WARN_SUSPICIOUS_MOVE = YES;
				CLANG_WARN_UNGUARDED_AVAILABILITY = YES_AGGRESSIVE;
				CLANG_WARN_UNREACHABLE_CODE = YES;
				CLANG_WARN__DUPLICATE_METHOD_MATCH = YES;
				COPY_PHASE_STRIP = NO;
				DEBUG_INFORMATION_FORMAT = dwarf;
				ENABLE_STRICT_OBJC_MSGSEND = YES;
				ENABLE_TESTABILITY = YES;
				GCC_C_LANGUAGE_STANDARD = gnu11;
				GCC_DYNAMIC_NO_PIC = NO;
				GCC_NO_COMMON_BLOCKS = YES;
				GCC_OPTIMIZATION_LEVEL = 0;
				GCC_PREPROCESSOR_DEFINITIONS = (
					"DEBUG=1",
					"$(inherited)",
				);
				GCC_WARN_64_TO_32_BIT_CONVERSION = YES;
				GCC_WARN_ABOUT_RETURN_TYPE = YES_ERROR;
				GCC_WARN_UNDECLARED_SELECTOR = YES;
				GCC_WARN_UNINITIALIZED_AUTOS = YES_AGGRESSIVE;
				GCC_WARN_UNUSED_FUNCTION = YES;
				GCC_WARN_UNUSED_VARIABLE = YES;
				IPHONEOS_DEPLOYMENT_TARGET = 16.2;
				MTL_ENABLE_DEBUG_INFO = INCLUDE_SOURCE;
				MTL_FAST_MATH = YES;
				ONLY_ACTIVE_ARCH = YES;
				SDKROOT = iphoneos;
				SWIFT_ACTIVE_COMPILATION_CONDITIONS = DEBUG;
				SWIFT_OPTIMIZATION_LEVEL = "-Onone";
			};
			name = Debug;
		};
		6A89C3CF29C131EB00D2B3FA /* Release */ = {
			isa = XCBuildConfiguration;
			buildSettings = {
				ALWAYS_SEARCH_USER_PATHS = NO;
				CLANG_ANALYZER_NONNULL = YES;
				CLANG_ANALYZER_NUMBER_OBJECT_CONVERSION = YES_AGGRESSIVE;
				CLANG_CXX_LANGUAGE_STANDARD = "gnu++20";
				CLANG_ENABLE_MODULES = YES;
				CLANG_ENABLE_OBJC_ARC = YES;
				CLANG_ENABLE_OBJC_WEAK = YES;
				CLANG_WARN_BLOCK_CAPTURE_AUTORELEASING = YES;
				CLANG_WARN_BOOL_CONVERSION = YES;
				CLANG_WARN_COMMA = YES;
				CLANG_WARN_CONSTANT_CONVERSION = YES;
				CLANG_WARN_DEPRECATED_OBJC_IMPLEMENTATIONS = YES;
				CLANG_WARN_DIRECT_OBJC_ISA_USAGE = YES_ERROR;
				CLANG_WARN_DOCUMENTATION_COMMENTS = YES;
				CLANG_WARN_EMPTY_BODY = YES;
				CLANG_WARN_ENUM_CONVERSION = YES;
				CLANG_WARN_INFINITE_RECURSION = YES;
				CLANG_WARN_INT_CONVERSION = YES;
				CLANG_WARN_NON_LITERAL_NULL_CONVERSION = YES;
				CLANG_WARN_OBJC_IMPLICIT_RETAIN_SELF = YES;
				CLANG_WARN_OBJC_LITERAL_CONVERSION = YES;
				CLANG_WARN_OBJC_ROOT_CLASS = YES_ERROR;
				CLANG_WARN_QUOTED_INCLUDE_IN_FRAMEWORK_HEADER = YES;
				CLANG_WARN_RANGE_LOOP_ANALYSIS = YES;
				CLANG_WARN_STRICT_PROTOTYPES = YES;
				CLANG_WARN_SUSPICIOUS_MOVE = YES;
				CLANG_WARN_UNGUARDED_AVAILABILITY = YES_AGGRESSIVE;
				CLANG_WARN_UNREACHABLE_CODE = YES;
				CLANG_WARN__DUPLICATE_METHOD_MATCH = YES;
				COPY_PHASE_STRIP = NO;
				DEBUG_INFORMATION_FORMAT = "dwarf-with-dsym";
				ENABLE_NS_ASSERTIONS = NO;
				ENABLE_STRICT_OBJC_MSGSEND = YES;
				GCC_C_LANGUAGE_STANDARD = gnu11;
				GCC_NO_COMMON_BLOCKS = YES;
				GCC_WARN_64_TO_32_BIT_CONVERSION = YES;
				GCC_WARN_ABOUT_RETURN_TYPE = YES_ERROR;
				GCC_WARN_UNDECLARED_SELECTOR = YES;
				GCC_WARN_UNINITIALIZED_AUTOS = YES_AGGRESSIVE;
				GCC_WARN_UNUSED_FUNCTION = YES;
				GCC_WARN_UNUSED_VARIABLE = YES;
				IPHONEOS_DEPLOYMENT_TARGET = 16.2;
				MTL_ENABLE_DEBUG_INFO = NO;
				MTL_FAST_MATH = YES;
				SDKROOT = iphoneos;
				SWIFT_COMPILATION_MODE = wholemodule;
				SWIFT_OPTIMIZATION_LEVEL = "-O";
				VALIDATE_PRODUCT = YES;
			};
			name = Release;
		};
		6A89C3D129C131EB00D2B3FA /* Debug */ = {
			isa = XCBuildConfiguration;
			buildSettings = {
				ASSETCATALOG_COMPILER_APPICON_NAME = AppIcon;
				ASSETCATALOG_COMPILER_GLOBAL_ACCENT_COLOR_NAME = AccentColor;
				CODE_SIGN_STYLE = Automatic;
				CURRENT_PROJECT_VERSION = 1;
				DEVELOPMENT_TEAM = G9877KDAVJ;
				GENERATE_INFOPLIST_FILE = YES;
				INFOPLIST_FILE = WeatherApp/Info.plist;
				INFOPLIST_KEY_NSLocationWhenInUseUsageDescription = "We need to get your location to show you the most accurate weather status!";
				INFOPLIST_KEY_UIApplicationSupportsIndirectInputEvents = YES;
				INFOPLIST_KEY_UILaunchStoryboardName = LaunchScreen;
				INFOPLIST_KEY_UIMainStoryboardFile = Main;
				INFOPLIST_KEY_UISupportedInterfaceOrientations_iPad = "UIInterfaceOrientationPortrait UIInterfaceOrientationPortraitUpsideDown UIInterfaceOrientationLandscapeLeft UIInterfaceOrientationLandscapeRight";
				INFOPLIST_KEY_UISupportedInterfaceOrientations_iPhone = "UIInterfaceOrientationPortrait UIInterfaceOrientationLandscapeLeft UIInterfaceOrientationLandscapeRight";
				IPHONEOS_DEPLOYMENT_TARGET = 14.0;
				LD_RUNPATH_SEARCH_PATHS = (
					"$(inherited)",
					"@executable_path/Frameworks",
				);
				MARKETING_VERSION = 1.0;
				PRODUCT_BUNDLE_IDENTIFIER = aganius.WeatherApp;
				PRODUCT_NAME = "$(TARGET_NAME)";
				SWIFT_EMIT_LOC_STRINGS = YES;
				SWIFT_VERSION = 5.0;
				TARGETED_DEVICE_FAMILY = "1,2";
			};
			name = Debug;
		};
		6A89C3D229C131EB00D2B3FA /* Release */ = {
			isa = XCBuildConfiguration;
			buildSettings = {
				ASSETCATALOG_COMPILER_APPICON_NAME = AppIcon;
				ASSETCATALOG_COMPILER_GLOBAL_ACCENT_COLOR_NAME = AccentColor;
				CODE_SIGN_STYLE = Automatic;
				CURRENT_PROJECT_VERSION = 1;
				DEVELOPMENT_TEAM = G9877KDAVJ;
				GENERATE_INFOPLIST_FILE = YES;
				INFOPLIST_FILE = WeatherApp/Info.plist;
				INFOPLIST_KEY_NSLocationWhenInUseUsageDescription = "We need to get your location to show you the most accurate weather status!";
				INFOPLIST_KEY_UIApplicationSupportsIndirectInputEvents = YES;
				INFOPLIST_KEY_UILaunchStoryboardName = LaunchScreen;
				INFOPLIST_KEY_UIMainStoryboardFile = Main;
				INFOPLIST_KEY_UISupportedInterfaceOrientations_iPad = "UIInterfaceOrientationPortrait UIInterfaceOrientationPortraitUpsideDown UIInterfaceOrientationLandscapeLeft UIInterfaceOrientationLandscapeRight";
				INFOPLIST_KEY_UISupportedInterfaceOrientations_iPhone = "UIInterfaceOrientationPortrait UIInterfaceOrientationLandscapeLeft UIInterfaceOrientationLandscapeRight";
				IPHONEOS_DEPLOYMENT_TARGET = 14.0;
				LD_RUNPATH_SEARCH_PATHS = (
					"$(inherited)",
					"@executable_path/Frameworks",
				);
				MARKETING_VERSION = 1.0;
				PRODUCT_BUNDLE_IDENTIFIER = aganius.WeatherApp;
				PRODUCT_NAME = "$(TARGET_NAME)";
				SWIFT_EMIT_LOC_STRINGS = YES;
				SWIFT_VERSION = 5.0;
				TARGETED_DEVICE_FAMILY = "1,2";
			};
			name = Release;
		};
		6A89C3D429C131EB00D2B3FA /* Debug */ = {
			isa = XCBuildConfiguration;
			buildSettings = {
				ALWAYS_EMBED_SWIFT_STANDARD_LIBRARIES = YES;
				BUNDLE_LOADER = "$(TEST_HOST)";
				CODE_SIGN_STYLE = Automatic;
				CURRENT_PROJECT_VERSION = 1;
				DEVELOPMENT_TEAM = G9877KDAVJ;
				GENERATE_INFOPLIST_FILE = YES;
				IPHONEOS_DEPLOYMENT_TARGET = 16.2;
				MARKETING_VERSION = 1.0;
				PRODUCT_BUNDLE_IDENTIFIER = aganius.WeatherAppTests;
				PRODUCT_NAME = "$(TARGET_NAME)";
				SWIFT_EMIT_LOC_STRINGS = NO;
				SWIFT_VERSION = 5.0;
				TARGETED_DEVICE_FAMILY = "1,2";
				TEST_HOST = "$(BUILT_PRODUCTS_DIR)/WeatherApp.app/$(BUNDLE_EXECUTABLE_FOLDER_PATH)/WeatherApp";
			};
			name = Debug;
		};
		6A89C3D529C131EB00D2B3FA /* Release */ = {
			isa = XCBuildConfiguration;
			buildSettings = {
				ALWAYS_EMBED_SWIFT_STANDARD_LIBRARIES = YES;
				BUNDLE_LOADER = "$(TEST_HOST)";
				CODE_SIGN_STYLE = Automatic;
				CURRENT_PROJECT_VERSION = 1;
				DEVELOPMENT_TEAM = G9877KDAVJ;
				GENERATE_INFOPLIST_FILE = YES;
				IPHONEOS_DEPLOYMENT_TARGET = 16.2;
				MARKETING_VERSION = 1.0;
				PRODUCT_BUNDLE_IDENTIFIER = aganius.WeatherAppTests;
				PRODUCT_NAME = "$(TARGET_NAME)";
				SWIFT_EMIT_LOC_STRINGS = NO;
				SWIFT_VERSION = 5.0;
				TARGETED_DEVICE_FAMILY = "1,2";
				TEST_HOST = "$(BUILT_PRODUCTS_DIR)/WeatherApp.app/$(BUNDLE_EXECUTABLE_FOLDER_PATH)/WeatherApp";
			};
			name = Release;
		};
		6A89C3D729C131EB00D2B3FA /* Debug */ = {
			isa = XCBuildConfiguration;
			buildSettings = {
				ALWAYS_EMBED_SWIFT_STANDARD_LIBRARIES = YES;
				CODE_SIGN_STYLE = Automatic;
				CURRENT_PROJECT_VERSION = 1;
				DEVELOPMENT_TEAM = G9877KDAVJ;
				GENERATE_INFOPLIST_FILE = YES;
				MARKETING_VERSION = 1.0;
				PRODUCT_BUNDLE_IDENTIFIER = aganius.WeatherAppUITests;
				PRODUCT_NAME = "$(TARGET_NAME)";
				SWIFT_EMIT_LOC_STRINGS = NO;
				SWIFT_VERSION = 5.0;
				TARGETED_DEVICE_FAMILY = "1,2";
				TEST_TARGET_NAME = WeatherApp;
			};
			name = Debug;
		};
		6A89C3D829C131EB00D2B3FA /* Release */ = {
			isa = XCBuildConfiguration;
			buildSettings = {
				ALWAYS_EMBED_SWIFT_STANDARD_LIBRARIES = YES;
				CODE_SIGN_STYLE = Automatic;
				CURRENT_PROJECT_VERSION = 1;
				DEVELOPMENT_TEAM = G9877KDAVJ;
				GENERATE_INFOPLIST_FILE = YES;
				MARKETING_VERSION = 1.0;
				PRODUCT_BUNDLE_IDENTIFIER = aganius.WeatherAppUITests;
				PRODUCT_NAME = "$(TARGET_NAME)";
				SWIFT_EMIT_LOC_STRINGS = NO;
				SWIFT_VERSION = 5.0;
				TARGETED_DEVICE_FAMILY = "1,2";
				TEST_TARGET_NAME = WeatherApp;
			};
			name = Release;
		};
/* End XCBuildConfiguration section */

/* Begin XCConfigurationList section */
		6A89C3A129C131E900D2B3FA /* Build configuration list for PBXProject "WeatherApp" */ = {
			isa = XCConfigurationList;
			buildConfigurations = (
				6A89C3CE29C131EB00D2B3FA /* Debug */,
				6A89C3CF29C131EB00D2B3FA /* Release */,
			);
			defaultConfigurationIsVisible = 0;
			defaultConfigurationName = Release;
		};
		6A89C3D029C131EB00D2B3FA /* Build configuration list for PBXNativeTarget "WeatherApp" */ = {
			isa = XCConfigurationList;
			buildConfigurations = (
				6A89C3D129C131EB00D2B3FA /* Debug */,
				6A89C3D229C131EB00D2B3FA /* Release */,
			);
			defaultConfigurationIsVisible = 0;
			defaultConfigurationName = Release;
		};
		6A89C3D329C131EB00D2B3FA /* Build configuration list for PBXNativeTarget "WeatherAppTests" */ = {
			isa = XCConfigurationList;
			buildConfigurations = (
				6A89C3D429C131EB00D2B3FA /* Debug */,
				6A89C3D529C131EB00D2B3FA /* Release */,
			);
			defaultConfigurationIsVisible = 0;
			defaultConfigurationName = Release;
		};
		6A89C3D629C131EB00D2B3FA /* Build configuration list for PBXNativeTarget "WeatherAppUITests" */ = {
			isa = XCConfigurationList;
			buildConfigurations = (
				6A89C3D729C131EB00D2B3FA /* Debug */,
				6A89C3D829C131EB00D2B3FA /* Release */,
			);
			defaultConfigurationIsVisible = 0;
			defaultConfigurationName = Release;
		};
/* End XCConfigurationList section */

/* Begin XCRemoteSwiftPackageReference section */
		6A89C3DF29C1343E00D2B3FA /* XCRemoteSwiftPackageReference "Alamofire" */ = {
			isa = XCRemoteSwiftPackageReference;
			repositoryURL = "https://github.com/Alamofire/Alamofire";
			requirement = {
				branch = master;
				kind = branch;
			};
		};
/* End XCRemoteSwiftPackageReference section */

/* Begin XCSwiftPackageProductDependency section */
		6A89C3E029C1343E00D2B3FA /* Alamofire */ = {
			isa = XCSwiftPackageProductDependency;
			package = 6A89C3DF29C1343E00D2B3FA /* XCRemoteSwiftPackageReference "Alamofire" */;
			productName = Alamofire;
		};
/* End XCSwiftPackageProductDependency section */
	};
	rootObject = 6A89C39E29C131E900D2B3FA /* Project object */;
}
